
Microsoft Visual Studio Solution File, Format Version 12.00
# Visual Studio Version 17
VisualStudioVersion = 17.4.33213.308
MinimumVisualStudioVersion = 10.0.40219.1
Project("{FAE04EC0-301F-11D3-BF4B-00C04F79EFBC}") = "otomessagebotx", "otomessagebotx\otomessagebotx.csproj", "{C75CACE2-740B-4B11-A054-89EA4A732D09}"
EndProject
Global
	GlobalSection(SolutionConfigurationPlatforms) = preSolution
		Debug|Any CPU = Debug|Any CPU
		Release|Any CPU = Release|Any CPU
	EndGlobalSection
	GlobalSection(ProjectConfigurationPlatforms) = postSolution
		{C75CACE2-740B-4B11-A054-89EA4A732D09}.Debug|Any CPU.ActiveCfg = Debug|Any CPU
		{C75CACE2-740B-4B11-A054-89EA4A732D09}.Debug|Any CPU.Build.0 = Debug|Any CPU
		{C75CACE2-740B-4B11-A054-89EA4A732D09}.Release|Any CPU.ActiveCfg = Release|Any CPU
		{C75CACE2-740B-4B11-A054-89EA4A732D09}.Release|Any CPU.Build.0 = Release|Any CPU
	EndGlobalSection
	GlobalSection(SolutionProperties) = preSolution
		HideSolutionNode = FALSE
	EndGlobalSection
	GlobalSection(ExtensibilityGlobals) = postSolution
		SolutionGuid = {291A1551-A467-4391-B449-A80ECC030625}
	EndGlobalSection
EndGlobal
